<?xml version="1.0" encoding="utf-8"?>
<Project ToolsVersion="4.0" xmlns="http://schemas.microsoft.com/developer/msbuild/2003">
  <ItemGroup>
    <ClCompile Include="..\include\imgui\imgui.cpp">
      <Filter>include\imgui</Filter>
    </ClCompile>
    <ClCompile Include="..\include\imgui\imgui_draw.cpp">
      <Filter>include\imgui</Filter>
    </ClCompile>
    <ClCompile Include="..\include\imgui\imgui_impl_dx9.cpp">
      <Filter>include\imgui</Filter>
    </ClCompile>
    <ClCompile Include="..\include\imgui\imgui_impl_win32.cpp">
      <Filter>include\imgui</Filter>
    </ClCompile>
    <ClCompile Include="..\include\imgui\imgui_tables.cpp">
      <Filter>include\imgui</Filter>
    </ClCompile>
    <ClCompile Include="..\include\imgui\imgui_widgets.cpp">
      <Filter>include\imgui</Filter>
    </ClCompile>
    <ClCompile Include="..\src\Core\DInputProxy.cpp">
      <Filter>Core</Filter>
    </ClCompile>
    <ClCompile Include="..\src\dllmain.cpp" />
  </ItemGroup>
  <ItemGroup>
    <ClInclude Include="..\include\ConsoleMgr.hpp">
      <Filter>include</Filter>
    </ClInclude>
    <ClInclude Include="..\include\FpsLimiter.hpp">
      <Filter>include</Filter>
    </ClInclude>
    <ClInclude Include="..\include\imgui\imconfig.h">
      <Filter>include\imgui</Filter>
    </ClInclude>
    <ClInclude Include="..\include\imgui\imgui.h">
      <Filter>include\imgui</Filter>
    </ClInclude>
    <ClInclude Include="..\include\imgui\imgui_impl_dx9.h">
      <Filter>include\imgui</Filter>
    </ClInclude>
    <ClInclude Include="..\include\imgui\imgui_impl_win32.h">
      <Filter>include\imgui</Filter>
    </ClInclude>
    <ClInclude Include="..\include\imgui\imgui_internal.h">
      <Filter>include\imgui</Filter>
    </ClInclude>
    <ClInclude Include="..\include\imgui\imstb_rectpack.h">
      <Filter>include\imgui</Filter>
    </ClInclude>
    <ClInclude Include="..\include\imgui\imstb_textedit.h">
      <Filter>include\imgui</Filter>
    </ClInclude>
    <ClInclude Include="..\include\imgui\imstb_truetype.h">
      <Filter>include\imgui</Filter>
    </ClInclude>
    <ClInclude Include="..\include\ini.hpp">
      <Filter>include</Filter>
    </ClInclude>
    <ClInclude Include="..\include\LAAPatcher.hpp">
      <Filter>include</Filter>
    </ClInclude>
    <ClInclude Include="..\include\MinHook.hpp">
      <Filter>include</Filter>
    </ClInclude>
    <ClInclude Include="..\src\Addresses.cpp" />
    <ClInclude Include="..\src\Client\Client.cpp">
      <Filter>Client</Filter>
    </ClInclude>
    <ClInclude Include="..\src\Client\Client.hpp">
      <Filter>Client</Filter>
    </ClInclude>
    <ClInclude Include="..\src\Client\ClientPatch.cpp">
      <Filter>Client</Filter>
    </ClInclude>
    <ClInclude Include="..\src\Client\Console\ConsoleEnabled.cpp">
      <Filter>Client\Console</Filter>
    </ClInclude>
    <ClInclude Include="..\src\Client\Controller\SDLGamepadSupport.cpp">
      <Filter>Client\Controller</Filter>
    </ClInclude>
    <ClInclude Include="..\src\Client\Display\AutoResolution.cpp">
      <Filter>Client\Display</Filter>
    </ClInclude>
    <ClInclude Include="..\src\Client\Display\HUDScaling.cpp">
      <Filter>Client\Display</Filter>
    </ClInclude>
    <ClInclude Include="..\src\Client\Extra\DisableHipFireAccuracyPenalty.cpp">
      <Filter>Client\Extra</Filter>
    </ClInclude>
    <ClInclude Include="..\src\Client\Extra\EnableCustomMaxWeaponCapacity.cpp">
      <Filter>Client\Extra</Filter>
    </ClInclude>
    <ClInclude Include="..\src\Client\Fixes\FixKeyboardInputLanguage.cpp">
      <Filter>Client\Fixes</Filter>
    </ClInclude>
    <ClInclude Include="..\src\Client\Fixes\HighFPSFixes.cpp">
      <Filter>Client\Fixes</Filter>
    </ClInclude>
    <ClInclude Include="..\src\Client\Fixes\WeaponFixes.cpp">
      <Filter>Client\Fixes</Filter>
    </ClInclude>
    <ClInclude Include="..\src\Client\Graphics\EnablePersistentWorldState.cpp">
      <Filter>Client\Graphics</Filter>
    </ClInclude>
    <ClInclude Include="..\src\Client\Graphics\HighResolutionReflections.cpp">
      <Filter>Client\Graphics</Filter>
    </ClInclude>
    <ClInclude Include="..\src\Client\Graphics\SSAAScale.cpp">
      <Filter>Client\Graphics</Filter>
    </ClInclude>
    <ClInclude Include="..\src\ClientFX\ClientFX.hpp">
      <Filter>ClientFX</Filter>
    </ClInclude>
    <ClInclude Include="..\src\ClientFX\ClientFXPatch.cpp">
      <Filter>ClientFX</Filter>
    </ClInclude>
    <ClInclude Include="..\src\ClientFX\Controller\Controller.cpp">
      <Filter>ClientFX\Controller</Filter>
    </ClInclude>
    <ClInclude Include="..\src\ClientFX\Fixes\HighFPSFixes.cpp">
      <Filter>ClientFX\Fixes</Filter>
    </ClInclude>
    <ClInclude Include="..\src\Controller\Controller.cpp">
      <Filter>Controller</Filter>
    </ClInclude>
    <ClInclude Include="..\src\Controller\Controller.hpp">
      <Filter>Controller</Filter>
    </ClInclude>
    <ClInclude Include="..\src\Controller\ScreenJoystickHook.hpp">
      <Filter>Controller</Filter>
    </ClInclude>
    <ClInclude Include="..\src\Core\DInputProxy.hpp">
      <Filter>Core</Filter>
    </ClInclude>
    <ClInclude Include="..\src\Engine\Console\ConsoleEnabled.cpp">
      <Filter>Engine\Console</Filter>
    </ClInclude>
    <ClInclude Include="..\src\Engine\Display\AutoResolution.cpp">
      <Filter>Engine\Display</Filter>
    </ClInclude>
    <ClInclude Include="..\src\Engine\Display\FixWindow.cpp">
      <Filter>Engine\Display</Filter>
    </ClInclude>
    <ClInclude Include="..\src\Engine\Extra\DisablePunkBuster.cpp">
      <Filter>Engine\Extra</Filter>
    </ClInclude>
    <ClInclude Include="..\src\Engine\Extra\SaveFolderRedirect.cpp">
      <Filter>Engine\Extra</Filter>
    </ClInclude>
    <ClInclude Include="..\src\Engine\Fixes\DisableJoystick.cpp">
      <Filter>Engine\Fixes</Filter>
    </ClInclude>
    <ClInclude Include="..\src\Engine\Fixes\FastVRAMDetection.cpp">
      <Filter>Engine\Fixes</Filter>
    </ClInclude>
    <ClInclude Include="..\src\Engine\Fixes\FixAspectRatioBlur.cpp">
      <Filter>Engine\Fixes</Filter>
    </ClInclude>
    <ClInclude Include="..\src\Engine\Fixes\FixDirectInputFps.cpp">
      <Filter>Engine\Fixes</Filter>
    </ClInclude>
    <ClInclude Include="..\src\Engine\Fixes\FixKeyboardInputLanguage.cpp">
      <Filter>Engine\Fixes</Filter>
    </ClInclude>
    <ClInclude Include="..\src\Engine\Fixes\FixNvidiaShadowCorruption.cpp">
      <Filter>Engine\Fixes</Filter>
    </ClInclude>
    <ClInclude Include="..\src\Engine\Fixes\FixScriptedAnimationCrash.cpp">
      <Filter>Engine\Fixes</Filter>
    </ClInclude>
    <ClInclude Include="..\src\Engine\Fixes\HavokPhysicsFix.cpp">
      <Filter>Engine\Fixes</Filter>
    </ClInclude>
    <ClInclude Include="..\src\Engine\Fixes\HighFPSFixes.cpp">
      <Filter>Engine\Fixes</Filter>
    </ClInclude>
    <ClInclude Include="..\src\Engine\Fixes\OptimizeSaveSpeed.cpp">
      <Filter>Engine\Fixes</Filter>
    </ClInclude>
    <ClInclude Include="..\src\Engine\Graphics\DynamicVsync.cpp">
      <Filter>Engine\Graphics</Filter>
    </ClInclude>
    <ClInclude Include="..\src\Engine\Graphics\ReducedMipMapBias.cpp">
      <Filter>Engine\Graphics</Filter>
    </ClInclude>
    <ClInclude Include="..\src\Engine\Graphics\SSAAScale.cpp">
      <Filter>Engine\Graphics</Filter>
    </ClInclude>
    <ClInclude Include="..\src\Engine\Misc\ClientHook.cpp">
      <Filter>Engine\Misc</Filter>
    </ClInclude>
    <ClInclude Include="..\src\Engine\Misc\ConsoleVariableHook.cpp">
      <Filter>Engine\Misc</Filter>
    </ClInclude>
    <ClInclude Include="..\src\Engine\Misc\DeviceCreationHook.cpp">
      <Filter>Engine\Misc</Filter>
    </ClInclude>
    <ClInclude Include="..\src\Engine\Misc\MainLoop.cpp">
      <Filter>Engine\Misc</Filter>
    </ClInclude>
    <ClInclude Include="..\src\Engine\SkipIntro\SkipIntro.cpp">
      <Filter>Engine\SkipIntro</Filter>
    </ClInclude>
    <ClInclude Include="..\src\Globals.cpp" />
    <ClInclude Include="..\src\helper.cpp" />
    <ClInclude Include="..\src\Initialization.cpp" />
    <ClInclude Include="..\src\Server\Controller\Controller.cpp">
      <Filter>Server\Controller</Filter>
    </ClInclude>
    <ClInclude Include="..\src\Server\Extra\EnableCustomMaxWeaponCapacity.cpp">
      <Filter>Server\Extra</Filter>
    </ClInclude>
    <ClInclude Include="..\src\Server\Fixes\HighFPSFixes.cpp">
      <Filter>Server\Fixes</Filter>
    </ClInclude>
    <ClInclude Include="..\src\Server\Graphics\EnablePersistentWorldState.cpp">
      <Filter>Server\Graphics</Filter>
    </ClInclude>
    <ClInclude Include="..\src\Server\Server.hpp">
      <Filter>Server</Filter>
    </ClInclude>
    <ClInclude Include="..\src\Server\ServerPatch.cpp">
      <Filter>Server</Filter>
    </ClInclude>
    <ClInclude Include="..\src\Shaders\blur_fxo.hpp">
      <Filter>Shaders</Filter>
    </ClInclude>
    <ClInclude Include="..\src\Shaders\depthoffield_fxo.hpp">
      <Filter>Shaders</Filter>
    </ClInclude>
    <ClInclude Include="..\src\Shaders\feedback_fxo.hpp">
      <Filter>Shaders</Filter>
    </ClInclude>
    <ClInclude Include="..\src\Shaders\feedbackblur_fxo.hpp">
      <Filter>Shaders</Filter>
    </ClInclude>
    <ClInclude Include="..\src\Shaders\mirror_fxo.hpp">
      <Filter>Shaders</Filter>
    </ClInclude>
    <ClInclude Include="..\src\Shaders\neon_outside_fxo.hpp">
      <Filter>Shaders</Filter>
    </ClInclude>
    <ClInclude Include="..\src\Shaders\refract_additive_fxo.hpp">
      <Filter>Shaders</Filter>
    </ClInclude>
    <ClInclude Include="..\src\Shaders\refract_blur_fxo.hpp">
      <Filter>Shaders</Filter>
    </ClInclude>
    <ClInclude Include="..\src\Shaders\refract_dx9_fxo.hpp">
      <Filter>Shaders</Filter>
    </ClInclude>
    <ClInclude Include="..\src\Shaders\refract_fxo.hpp">
      <Filter>Shaders</Filter>
    </ClInclude>
    <ClInclude Include="..\src\Shaders\refract_thick_fxo.hpp">
      <Filter>Shaders</Filter>
    </ClInclude>
    <ClInclude Include="..\src\Shaders\screeneffect_bleach_fxo.hpp">
      <Filter>Shaders</Filter>
    </ClInclude>
    <ClInclude Include="..\src\Shaders\screeneffect_fxo.hpp">
      <Filter>Shaders</Filter>
    </ClInclude>
    <ClInclude Include="..\src\Shaders\ShadowBlur_BlurBuffer_fxo.hpp">
      <Filter>Shaders</Filter>
    </ClInclude>
  </ItemGroup>
  <ItemGroup>
    <None Include="EchoPatch.ini" />
  </ItemGroup>
  <ItemGroup>
    <Filter Include="Client">
      <UniqueIdentifier>{19435d5b-c978-45a0-b0b2-c93f2cd33be8}</UniqueIdentifier>
    </Filter>
    <Filter Include="ClientFX">
      <UniqueIdentifier>{a33519fe-ce3e-462e-9f4f-acfada2ad046}</UniqueIdentifier>
    </Filter>
    <Filter Include="Controller">
      <UniqueIdentifier>{f958ef86-00f3-441a-89e8-1d115b35ee92}</UniqueIdentifier>
    </Filter>
    <Filter Include="Core">
      <UniqueIdentifier>{616feba7-8988-4f4c-b533-ff91de518d4b}</UniqueIdentifier>
    </Filter>
    <Filter Include="Engine">
      <UniqueIdentifier>{29bab7b9-5360-41c2-8a2f-80025db4434b}</UniqueIdentifier>
    </Filter>
    <Filter Include="include">
      <UniqueIdentifier>{1bf6db24-eac6-4f63-baa0-e50d2c75f4ea}</UniqueIdentifier>
    </Filter>
    <Filter Include="Server">
      <UniqueIdentifier>{62765357-af95-4f3b-8eb8-22a9a2ec65d6}</UniqueIdentifier>
    </Filter>
    <Filter Include="Shaders">
      <UniqueIdentifier>{bad4a820-7419-477c-897a-3cc9982d5d7c}</UniqueIdentifier>
    </Filter>
    <Filter Include="Client\Console">
      <UniqueIdentifier>{7a2cccb9-e3a7-4d03-8703-fac9b0c80991}</UniqueIdentifier>
    </Filter>
    <Filter Include="Client\Controller">
      <UniqueIdentifier>{11774ad3-c8d0-43ab-bcbf-4f42b38d3b34}</UniqueIdentifier>
    </Filter>
    <Filter Include="Client\Display">
      <UniqueIdentifier>{bd604021-115a-4afb-9290-7ab56d01ae0b}</UniqueIdentifier>
    </Filter>
    <Filter Include="Client\Extra">
      <UniqueIdentifier>{6b09b765-8edd-4702-9377-e01195753292}</UniqueIdentifier>
    </Filter>
    <Filter Include="Client\Fixes">
      <UniqueIdentifier>{70a04715-6f8b-4264-bd70-62cb6ae42a07}</UniqueIdentifier>
    </Filter>
    <Filter Include="Client\Graphics">
      <UniqueIdentifier>{4d3ddf4b-826b-4980-94e8-dcff6ece179a}</UniqueIdentifier>
    </Filter>
    <Filter Include="ClientFX\Controller">
      <UniqueIdentifier>{70820c1b-0ffb-50eb-a4e2-4835dbbb72bb}</UniqueIdentifier>
    </Filter>
    <Filter Include="ClientFX\Fixes">
      <UniqueIdentifier>{738ae228-4f51-4f75-89cc-2eaa5522afeb}</UniqueIdentifier>
    </Filter>
    <Filter Include="Engine\Console">
      <UniqueIdentifier>{fa92c1d1-ad83-424d-9b14-589ac5cf80e0}</UniqueIdentifier>
    </Filter>
    <Filter Include="Engine\Display">
      <UniqueIdentifier>{f3daf543-4bc5-4c81-a9f3-3a6fa189ae49}</UniqueIdentifier>
    </Filter>
    <Filter Include="Engine\Extra">
      <UniqueIdentifier>{30cbe4d0-57ea-4aa2-ac96-3dab76efcd18}</UniqueIdentifier>
    </Filter>
    <Filter Include="Engine\Fixes">
      <UniqueIdentifier>{4efa341f-bf23-46de-9903-2ba98aaafcbe}</UniqueIdentifier>
    </Filter>
    <Filter Include="Engine\Graphics">
      <UniqueIdentifier>{b94236f2-1b12-4173-9ff2-a8df4c55c904}</UniqueIdentifier>
    </Filter>
    <Filter Include="Engine\Misc">
      <UniqueIdentifier>{26837668-c4a9-4529-9967-81e3f08daf9d}</UniqueIdentifier>
    </Filter>
    <Filter Include="Engine\SkipIntro">
      <UniqueIdentifier>{a118108b-94f7-5472-b4cb-cf95c5f79f16}</UniqueIdentifier>
    </Filter>
    <Filter Include="include\imgui">
      <UniqueIdentifier>{ed403466-fe95-4ed9-9a05-bba46fc5373e}</UniqueIdentifier>
    </Filter>
    <Filter Include="Server\Controller">
      <UniqueIdentifier>{e5ca543c-be68-5cbc-8b8c-2ec70f36db96}</UniqueIdentifier>
    </Filter>
    <Filter Include="Server\Extra">
      <UniqueIdentifier>{90c9439a-09e1-479a-a532-e677bb7cb884}</UniqueIdentifier>
    </Filter>
    <Filter Include="Server\Fixes">
      <UniqueIdentifier>{c6f12dc0-5b8f-4ac1-b591-2c01913d2434}</UniqueIdentifier>
    </Filter>
    <Filter Include="Server\Graphics">
      <UniqueIdentifier>{0787dd71-0880-45f5-a229-79554ff1db64}</UniqueIdentifier>
    </Filter>
  </ItemGroup>
</Project>